
Microsoft Visual Studio Solution File, Format Version 12.00
# Visual Studio Version 16
VisualStudioVersion = 16.0.30907.101
MinimumVisualStudioVersion = 10.0.40219.1
Project("{888888A0-9F3D-457C-B088-3A5042F75D52}") = "05_dizilerin_indisi", "05_dizilerin_indisi\05_dizilerin_indisi.pyproj", "{F9F001F4-1197-4B17-84B8-68B58BEF507A}"
EndProject
Global
	GlobalSection(SolutionConfigurationPlatforms) = preSolution
		Debug|Any CPU = Debug|Any CPU
		Release|Any CPU = Release|Any CPU
	EndGlobalSection
	GlobalSection(ProjectConfigurationPlatforms) = postSolution
		{F9F001F4-1197-4B17-84B8-68B58BEF507A}.Debug|Any CPU.ActiveCfg = Debug|Any CPU
		{F9F001F4-1197-4B17-84B8-68B58BEF507A}.Release|Any CPU.ActiveCfg = Release|Any CPU
	EndGlobalSection
	GlobalSection(SolutionProperties) = preSolution
		HideSolutionNode = FALSE
	EndGlobalSection
	GlobalSection(ExtensibilityGlobals) = postSolution
		SolutionGuid = {043C5658-9E00-42AB-B491-55F7C59EC178}
	EndGlobalSection
EndGlobal
